// !$*UTF8*$!
{
	archiveVersion = 1;
	classes = {
	};
	objectVersion = 46;
	objects = {

/* Begin PBXBuildFile section */
		1B8B28581E5B4D050067CBE3 /* AppDelegate.swift in Sources */ = {isa = PBXBuildFile; fileRef = 1B8B28571E5B4D050067CBE3 /* AppDelegate.swift */; };
		1B8B285A1E5B4D050067CBE3 /* ViewController.swift in Sources */ = {isa = PBXBuildFile; fileRef = 1B8B28591E5B4D050067CBE3 /* ViewController.swift */; };
		1B8B285D1E5B4D050067CBE3 /* Main.storyboard in Resources */ = {isa = PBXBuildFile; fileRef = 1B8B285B1E5B4D050067CBE3 /* Main.storyboard */; };
		1B8B285F1E5B4D050067CBE3 /* Assets.xcassets in Resources */ = {isa = PBXBuildFile; fileRef = 1B8B285E1E5B4D050067CBE3 /* Assets.xcassets */; };
		1B8B28621E5B4D050067CBE3 /* LaunchScreen.storyboard in Resources */ = {isa = PBXBuildFile; fileRef = 1B8B28601E5B4D050067CBE3 /* LaunchScreen.storyboard */; };
/* End PBXBuildFile section */

/* Begin PBXFileReference section */
		1B8B28541E5B4D050067CBE3 /* KingOfStairs.app */ = {isa = PBXFileReference; explicitFileType = wrapper.application; includeInIndex = 0; path = KingOfStairs.app; sourceTree = BUILT_PRODUCTS_DIR; };
		1B8B28571E5B4D050067CBE3 /* AppDelegate.swift */ = {isa = PBXFileReference; lastKnownFileType = sourcecode.swift; path = AppDelegate.swift; sourceTree = "<group>"; };
		1B8B28591E5B4D050067CBE3 /* ViewController.swift */ = {isa = PBXFileReference; lastKnownFileType = sourcecode.swift; path = ViewController.swift; sourceTree = "<group>"; };
		1B8B285C1E5B4D050067CBE3 /* Base */ = {isa = PBXFileReference; lastKnownFileType = file.storyboard; name = Base; path = Base.lproj/Main.storyboard; sourceTree = "<group>"; };
		1B8B285E1E5B4D050067CBE3 /* Assets.xcassets */ = {isa = PBXFileReference; lastKnownFileType = folder.assetcatalog; path = Assets.xcassets; sourceTree = "<group>"; };
		1B8B28611E5B4D050067CBE3 /* Base */ = {isa = PBXFileReference; lastKnownFileType = file.storyboard; name = Base; path = Base.lproj/LaunchScreen.storyboard; sourceTree = "<group>"; };
		1B8B28631E5B4D050067CBE3 /* Info.plist */ = {isa = PBXFileReference; lastKnownFileType = text.plist.xml; path = Info.plist; sourceTree = "<group>"; };
/* End PBXFileReference section */

/* Begin PBXFrameworksBuildPhase section */
		1B8B28511E5B4D050067CBE3 /* Frameworks */ = {
			isa = PBXFrameworksBuildPhase;
			buildActionMask = 2147483647;
			files = (
			);
			runOnlyForDeploymentPostprocessing = 0;
		};
/* End PBXFrameworksBuildPhase section */

/* Begin PBXGroup section */
		1B8B284B1E5B4D050067CBE3 = {
			isa = PBXGroup;
			children = (
				1B8B28561E5B4D050067CBE3 /* KingOfStairs */,
				1B8B28551E5B4D050067CBE3 /* Products */,
			);
			sourceTree = "<group>";
		};
		1B8B28551E5B4D050067CBE3 /* Products */ = {
			isa = PBXGroup;
			children = (
				1B8B28541E5B4D050067CBE3 /* KingOfStairs.app */,
			);
			name = Products;
			sourceTree = "<group>";
		};
		1B8B28561E5B4D050067CBE3 /* KingOfStairs */ = {
			isa = PBXGroup;
			children = (
				1B8B28571E5B4D050067CBE3 /* AppDelegate.swift */,
				1B8B28591E5B4D050067CBE3 /* ViewController.swift */,
				1B8B285B1E5B4D050067CBE3 /* Main.storyboard */,
				1B8B285E1E5B4D050067CBE3 /* Assets.xcassets */,
				1B8B28601E5B4D050067CBE3 /* LaunchScreen.storyboard */,
				1B8B28631E5B4D050067CBE3 /* Info.plist */,
			);
			path = KingOfStairs;
			sourceTree = "<group>";
		};
/* End PBXGroup section */

/* Begin PBXNativeTarget section */
		1B8B28531E5B4D050067CBE3 /* KingOfStairs */ = {
			isa = PBXNativeTarget;
			buildConfigurationList = 1B8B28661E5B4D050067CBE3 /* Build configuration list for PBXNativeTarget "KingOfStairs" */;
			buildPhases = (
				1B8B28501E5B4D050067CBE3 /* Sources */,
				1B8B28511E5B4D050067CBE3 /* Frameworks */,
				1B8B28521E5B4D050067CBE3 /* Resources */,
			);
			buildRules = (
			);
			dependencies = (
			);
			name = KingOfStairs;
			productName = KingOfStairs;
			productReference = 1B8B28541E5B4D050067CBE3 /* KingOfStairs.app */;
			productType = "com.apple.product-type.application";
		};
/* End PBXNativeTarget section */

/* Begin PBXProject section */
		1B8B284C1E5B4D050067CBE3 /* Project object */ = {
			isa = PBXProject;
			attributes = {
				LastSwiftUpdateCheck = 0820;
				LastUpgradeCheck = 0820;
				ORGANIZATIONNAME = PACMAN;
				TargetAttributes = {
					1B8B28531E5B4D050067CBE3 = {
						CreatedOnToolsVersion = 8.2.1;
						DevelopmentTeam = 4P2H4G47JA;
						ProvisioningStyle = Automatic;
					};
				};
			};
			buildConfigurationList = 1B8B284F1E5B4D050067CBE3 /* Build configuration list for PBXProject "KingOfStairs" */;
			compatibilityVersion = "Xcode 3.2";
			developmentRegion = English;
			hasScannedForEncodings = 0;
			knownRegions = (
				en,
				Base,
			);
			mainGroup = 1B8B284B1E5B4D050067CBE3;
			productRefGroup = 1B8B28551E5B4D050067CBE3 /* Products */;
			projectDirPath = "";
			projectRoot = "";
			targets = (
				1B8B28531E5B4D050067CBE3 /* KingOfStairs */,
			);
		};
/* End PBXProject section */

/* Begin PBXResourcesBuildPhase section */
		1B8B28521E5B4D050067CBE3 /* Resources */ = {
			isa = PBXResourcesBuildPhase;
			buildActionMask = 2147483647;
			files = (
				1B8B28621E5B4D050067CBE3 /* LaunchScreen.storyboard in Resources */,
				1B8B285F1E5B4D050067CBE3 /* Assets.xcassets in Resources */,
				1B8B285D1E5B4D050067CBE3 /* Main.storyboard in Resources */,
			);
			runOnlyForDeploymentPostprocessing = 0;
		};
/* End PBXResourcesBuildPhase section */

/* Begin PBXSourcesBuildPhase section */
		1B8B28501E5B4D050067CBE3 /* Sources */ = {
			isa = PBXSourcesBuildPhase;
			buildActionMask = 2147483647;
			files = (
				1B8B285A1E5B4D050067CBE3 /* ViewController.swift in Sources */,
				1B8B28581E5B4D050067CBE3 /* AppDelegate.swift in Sources */,
			);
			runOnlyForDeploymentPostprocessing = 0;
		};
/* End PBXSourcesBuildPhase section */

/* Begin PBXVariantGroup section */
		1B8B285B1E5B4D050067CBE3 /* Main.storyboard */ = {
			isa = PBXVariantGroup;
			children = (
				1B8B285C1E5B4D050067CBE3 /* Base */,
			);
			name = Main.storyboard;
			sourceTree = "<group>";
		};
		1B8B28601E5B4D050067CBE3 /* LaunchScreen.storyboard */ = {
			isa = PBXVariantGroup;
			children = (
				1B8B28611E5B4D050067CBE3 /* Base */,
			);
			name = LaunchScreen.storyboard;
			sourceTree = "<group>";
		};
/* End PBXVariantGroup section */

/* Begin XCBuildConfiguration section */
		1B8B28641E5B4D050067CBE3 /* Debug */ = {
			isa = XCBuildConfiguration;
			buildSettings = {
				ALWAYS_SEARCH_USER_PATHS = NO;
				CLANG_ANALYZER_NONNULL = YES;
				CLANG_CXX_LANGUAGE_STANDARD = "gnu++0x";
				CLANG_CXX_LIBRARY = "libc++";
				CLANG_ENABLE_MODULES = YES;
				CLANG_ENABLE_OBJC_ARC = YES;
				CLANG_WARN_BOOL_CONVERSION = YES;
				CLANG_WARN_CONSTANT_CONVERSION = YES;
				CLANG_WARN_DIRECT_OBJC_ISA_USAGE = YES_ERROR;
				CLANG_WARN_DOCUMENTATION_COMMENTS = YES;
				CLANG_WARN_EMPTY_BODY = YES;
				CLANG_WARN_ENUM_CONVERSION = YES;
				CLANG_WARN_INFINITE_RECURSION = YES;
				CLANG_WARN_INT_CONVERSION = YES;
				CLANG_WARN_OBJC_ROOT_CLASS = YES_ERROR;
				CLANG_WARN_SUSPICIOUS_MOVE = YES;
				CLANG_WARN_UNREACHABLE_CODE = YES;
				CLANG_WARN__DUPLICATE_METHOD_MATCH = YES;
				"CODE_SIGN_IDENTITY[sdk=iphoneos*]" = "iPhone Developer";
				COPY_PHASE_STRIP = NO;
				DEBUG_INFORMATION_FORMAT = dwarf;
				ENABLE_STRICT_OBJC_MSGSEND = YES;
				ENABLE_TESTABILITY = YES;
				GCC_C_LANGUAGE_STANDARD = gnu99;
				GCC_DYNAMIC_NO_PIC = NO;
				GCC_NO_COMMON_BLOCKS = YES;
				GCC_OPTIMIZATION_LEVEL = 0;
				GCC_PREPROCESSOR_DEFINITIONS = (
					"DEBUG=1",
					"$(inherited)",
				);
				GCC_WARN_64_TO_32_BIT_CONVERSION = YES;
				GCC_WARN_ABOUT_RETURN_TYPE = YES_ERROR;
				GCC_WARN_UNDECLARED_SELECTOR = YES;
				GCC_WARN_UNINITIALIZED_AUTOS = YES_AGGRESSIVE;
				GCC_WARN_UNUSED_FUNCTION = YES;
				GCC_WARN_UNUSED_VARIABLE = YES;
				IPHONEOS_DEPLOYMENT_TARGET = 10.2;
				MTL_ENABLE_DEBUG_INFO = YES;
				ONLY_ACTIVE_ARCH = YES;
				SDKROOT = iphoneos;
				SWIFT_ACTIVE_COMPILATION_CONDITIONS = DEBUG;
				SWIFT_OPTIMIZATION_LEVEL = "-Onone";
				TARGETED_DEVICE_FAMILY = "1,2";
			};
			name = Debug;
		};
		1B8B28651E5B4D050067CBE3 /* Release */ = {
			isa = XCBuildConfiguration;
			buildSettings = {
				ALWAYS_SEARCH_USER_PATHS = NO;
				CLANG_ANALYZER_NONNULL = YES;
				CLANG_CXX_LANGUAGE_STANDARD = "gnu++0x";
				CLANG_CXX_LIBRARY = "libc++";
				CLANG_ENABLE_MODULES = YES;
				CLANG_ENABLE_OBJC_ARC = YES;
				CLANG_WARN_BOOL_CONVERSION = YES;
				CLANG_WARN_CONSTANT_CONVERSION = YES;
				CLANG_WARN_DIRECT_OBJC_ISA_USAGE = YES_ERROR;
				CLANG_WARN_DOCUMENTATION_COMMENTS = YES;
				CLANG_WARN_EMPTY_BODY = YES;
				CLANG_WARN_ENUM_CONVERSION = YES;
				CLANG_WARN_INFINITE_RECURSION = YES;
				CLANG_WARN_INT_CONVERSION = YES;
				CLANG_WARN_OBJC_ROOT_CLASS = YES_ERROR;
				CLANG_WARN_SUSPICIOUS_MOVE = YES;
				CLANG_WARN_UNREACHABLE_CODE = YES;
				CLANG_WARN__DUPLICATE_METHOD_MATCH = YES;
				"CODE_SIGN_IDENTITY[sdk=iphoneos*]" = "iPhone Developer";
				COPY_PHASE_STRIP = NO;
				DEBUG_INFORMATION_FORMAT = "dwarf-with-dsym";
				ENABLE_NS_ASSERTIONS = NO;
				ENABLE_STRICT_OBJC_MSGSEND = YES;
				GCC_C_LANGUAGE_STANDARD = gnu99;
				GCC_NO_COMMON_BLOCKS = YES;
				GCC_WARN_64_TO_32_BIT_CONVERSION = YES;
				GCC_WARN_ABOUT_RETURN_TYPE = YES_ERROR;
				GCC_WARN_UNDECLARED_SELECTOR = YES;
				GCC_WARN_UNINITIALIZED_AUTOS = YES_AGGRESSIVE;
				GCC_WARN_UNUSED_FUNCTION = YES;
				GCC_WARN_UNUSED_VARIABLE = YES;
				IPHONEOS_DEPLOYMENT_TARGET = 10.2;
				MTL_ENABLE_DEBUG_INFO = NO;
				SDKROOT = iphoneos;
				SWIFT_OPTIMIZATION_LEVEL = "-Owholemodule";
				TARGETED_DEVICE_FAMILY = "1,2";
				VALIDATE_PRODUCT = YES;
			};
			name = Release;
		};
		1B8B28671E5B4D050067CBE3 /* Debug */ = {
			isa = XCBuildConfiguration;
			buildSettings = {
				ASSETCATALOG_COMPILER_APPICON_NAME = AppIcon;
				DEVELOPMENT_TEAM = 4P2H4G47JA;
				INFOPLIST_FILE = KingOfStairs/Info.plist;
				LD_RUNPATH_SEARCH_PATHS = "$(inherited) @executable_path/Frameworks";
				PRODUCT_BUNDLE_IDENTIFIER = com.BoostCampAmericano.KingOfStairs;
				PRODUCT_NAME = "$(TARGET_NAME)";
				SWIFT_VERSION = 3.0;
			};
			name = Debug;
		};
		1B8B28681E5B4D050067CBE3 /* Release */ = {
			isa = XCBuildConfiguration;
			buildSettings = {
				ASSETCATALOG_COMPILER_APPICON_NAME = AppIcon;
				DEVELOPMENT_TEAM = 4P2H4G47JA;
				INFOPLIST_FILE = KingOfStairs/Info.plist;
				LD_RUNPATH_SEARCH_PATHS = "$(inherited) @executable_path/Frameworks";
				PRODUCT_BUNDLE_IDENTIFIER = com.BoostCampAmericano.KingOfStairs;
				PRODUCT_NAME = "$(TARGET_NAME)";
				SWIFT_VERSION = 3.0;
			};
			name = Release;
		};
/* End XCBuildConfiguration section */

/* Begin XCConfigurationList section */
		1B8B284F1E5B4D050067CBE3 /* Build configuration list for PBXProject "KingOfStairs" */ = {
			isa = XCConfigurationList;
			buildConfigurations = (
				1B8B28641E5B4D050067CBE3 /* Debug */,
				1B8B28651E5B4D050067CBE3 /* Release */,
			);
			defaultConfigurationIsVisible = 0;
			defaultConfigurationName = Release;
		};
		1B8B28661E5B4D050067CBE3 /* Build configuration list for PBXNativeTarget "KingOfStairs" */ = {
			isa = XCConfigurationList;
			buildConfigurations = (
				1B8B28671E5B4D050067CBE3 /* Debug */,
				1B8B28681E5B4D050067CBE3 /* Release */,
			);
			defaultConfigurationIsVisible = 0;
		};
/* End XCConfigurationList section */
	};
	rootObject = 1B8B284C1E5B4D050067CBE3 /* Project object */;
}
